
Microsoft Visual Studio Solution File, Format Version 12.00
# Visual Studio Version 17
VisualStudioVersion = 17.8.34316.72
MinimumVisualStudioVersion = 10.0.40219.1
Project("{2150E333-8FDC-42A3-9474-1A3956D46DE8}") = "2.PowerATS.Domain", "2.PowerATS.Domain", "{45716101-82B6-4206-9E1E-3C10C037D1AC}"
EndProject
Project("{9A19103F-16F7-4668-BE54-9A1E7A4F7556}") = "PowerATS.Domain", "PowerATS.Domain\PowerATS.Domain.csproj", "{06002ACD-2A6D-42E5-B178-93DE6B3BFDC2}"
EndProject
Project("{2150E333-8FDC-42A3-9474-1A3956D46DE8}") = "1.PowerATS.API", "1.PowerATS.API", "{CCA28C3B-E155-4C0E-BC07-248A1EA8606C}"
EndProject
Project("{2150E333-8FDC-42A3-9474-1A3956D46DE8}") = "3.PowerATS.Infra", "3.PowerATS.Infra", "{61A67BE0-AB47-48B7-A7B5-FA13632911EE}"
EndProject
Project("{2150E333-8FDC-42A3-9474-1A3956D46DE8}") = "4.PowerATS.Test", "4.PowerATS.Test", "{8934FB62-0D98-41E1-B6FC-D6997BD50832}"
EndProject
Project("{2150E333-8FDC-42A3-9474-1A3956D46DE8}") = "PowerATS.Infra.Data", "PowerATS.Infra.Data", "{6640C5D4-AECA-4E9A-83F8-5C81B869B4C3}"
EndProject
Project("{2150E333-8FDC-42A3-9474-1A3956D46DE8}") = "PowerATS.Infra.IoC", "PowerATS.Infra.IoC", "{683B7DF3-2293-48E0-BB83-D401CA43D06C}"
EndProject
Project("{9A19103F-16F7-4668-BE54-9A1E7A4F7556}") = "PowerATS.Test", "PowerATS.Test\PowerATS.Test.csproj", "{861EA29B-295C-468E-BF4D-62D7A1E8C54F}"
EndProject
Project("{9A19103F-16F7-4668-BE54-9A1E7A4F7556}") = "PowerATS.API", "PowerATS.API\PowerATS.API.csproj", "{55D53811-6C96-4380-82A2-423F32765581}"
EndProject
Project("{9A19103F-16F7-4668-BE54-9A1E7A4F7556}") = "PowerATS.Infra.Data", "PowerATS.Infra.Data\PowerATS.Infra.Data.csproj", "{E28F38FA-CCE6-499C-9444-9C14302C8FFE}"
EndProject
Project("{9A19103F-16F7-4668-BE54-9A1E7A4F7556}") = "PowerATS.Infra.IoC", "PowerATS.Infra.IoC\PowerATS.Infra.IoC.csproj", "{8302B5A3-0717-48EB-BF20-B7F58DAE5EB3}"
EndProject
Global
	GlobalSection(SolutionConfigurationPlatforms) = preSolution
		Debug|Any CPU = Debug|Any CPU
		Release|Any CPU = Release|Any CPU
	EndGlobalSection
	GlobalSection(ProjectConfigurationPlatforms) = postSolution
		{06002ACD-2A6D-42E5-B178-93DE6B3BFDC2}.Debug|Any CPU.ActiveCfg = Debug|Any CPU
		{06002ACD-2A6D-42E5-B178-93DE6B3BFDC2}.Debug|Any CPU.Build.0 = Debug|Any CPU
		{06002ACD-2A6D-42E5-B178-93DE6B3BFDC2}.Release|Any CPU.ActiveCfg = Release|Any CPU
		{06002ACD-2A6D-42E5-B178-93DE6B3BFDC2}.Release|Any CPU.Build.0 = Release|Any CPU
		{861EA29B-295C-468E-BF4D-62D7A1E8C54F}.Debug|Any CPU.ActiveCfg = Debug|Any CPU
		{861EA29B-295C-468E-BF4D-62D7A1E8C54F}.Debug|Any CPU.Build.0 = Debug|Any CPU
		{861EA29B-295C-468E-BF4D-62D7A1E8C54F}.Release|Any CPU.ActiveCfg = Release|Any CPU
		{861EA29B-295C-468E-BF4D-62D7A1E8C54F}.Release|Any CPU.Build.0 = Release|Any CPU
		{55D53811-6C96-4380-82A2-423F32765581}.Debug|Any CPU.ActiveCfg = Debug|Any CPU
		{55D53811-6C96-4380-82A2-423F32765581}.Debug|Any CPU.Build.0 = Debug|Any CPU
		{55D53811-6C96-4380-82A2-423F32765581}.Release|Any CPU.ActiveCfg = Release|Any CPU
		{55D53811-6C96-4380-82A2-423F32765581}.Release|Any CPU.Build.0 = Release|Any CPU
		{E28F38FA-CCE6-499C-9444-9C14302C8FFE}.Debug|Any CPU.ActiveCfg = Debug|Any CPU
		{E28F38FA-CCE6-499C-9444-9C14302C8FFE}.Debug|Any CPU.Build.0 = Debug|Any CPU
		{E28F38FA-CCE6-499C-9444-9C14302C8FFE}.Release|Any CPU.ActiveCfg = Release|Any CPU
		{E28F38FA-CCE6-499C-9444-9C14302C8FFE}.Release|Any CPU.Build.0 = Release|Any CPU
		{8302B5A3-0717-48EB-BF20-B7F58DAE5EB3}.Debug|Any CPU.ActiveCfg = Debug|Any CPU
		{8302B5A3-0717-48EB-BF20-B7F58DAE5EB3}.Debug|Any CPU.Build.0 = Debug|Any CPU
		{8302B5A3-0717-48EB-BF20-B7F58DAE5EB3}.Release|Any CPU.ActiveCfg = Release|Any CPU
		{8302B5A3-0717-48EB-BF20-B7F58DAE5EB3}.Release|Any CPU.Build.0 = Release|Any CPU
	EndGlobalSection
	GlobalSection(SolutionProperties) = preSolution
		HideSolutionNode = FALSE
	EndGlobalSection
	GlobalSection(NestedProjects) = preSolution
		{06002ACD-2A6D-42E5-B178-93DE6B3BFDC2} = {45716101-82B6-4206-9E1E-3C10C037D1AC}
		{6640C5D4-AECA-4E9A-83F8-5C81B869B4C3} = {61A67BE0-AB47-48B7-A7B5-FA13632911EE}
		{683B7DF3-2293-48E0-BB83-D401CA43D06C} = {61A67BE0-AB47-48B7-A7B5-FA13632911EE}
		{861EA29B-295C-468E-BF4D-62D7A1E8C54F} = {8934FB62-0D98-41E1-B6FC-D6997BD50832}
		{55D53811-6C96-4380-82A2-423F32765581} = {CCA28C3B-E155-4C0E-BC07-248A1EA8606C}
		{E28F38FA-CCE6-499C-9444-9C14302C8FFE} = {6640C5D4-AECA-4E9A-83F8-5C81B869B4C3}
		{8302B5A3-0717-48EB-BF20-B7F58DAE5EB3} = {683B7DF3-2293-48E0-BB83-D401CA43D06C}
	EndGlobalSection
	GlobalSection(ExtensibilityGlobals) = postSolution
		SolutionGuid = {2F3AD742-1EAC-41E8-BB58-5FDE2F6BAE70}
	EndGlobalSection
EndGlobal
